
Microsoft Visual Studio Solution File, Format Version 12.00
# Visual Studio Version 17
VisualStudioVersion = 17.7.34031.279
MinimumVisualStudioVersion = 10.0.40219.1
Project("{FAE04EC0-301F-11D3-BF4B-00C04F79EFBC}") = "Day5", "Day5\Day5.csproj", "{EF1B28CB-FEB5-4F89-AB3F-79570D1E7BA3}"
EndProject
Global
	GlobalSection(SolutionConfigurationPlatforms) = preSolution
		Debug|Any CPU = Debug|Any CPU
		Release|Any CPU = Release|Any CPU
	EndGlobalSection
	GlobalSection(ProjectConfigurationPlatforms) = postSolution
		{EF1B28CB-FEB5-4F89-AB3F-79570D1E7BA3}.Debug|Any CPU.ActiveCfg = Debug|Any CPU
		{EF1B28CB-FEB5-4F89-AB3F-79570D1E7BA3}.Debug|Any CPU.Build.0 = Debug|Any CPU
		{EF1B28CB-FEB5-4F89-AB3F-79570D1E7BA3}.Release|Any CPU.ActiveCfg = Release|Any CPU
		{EF1B28CB-FEB5-4F89-AB3F-79570D1E7BA3}.Release|Any CPU.Build.0 = Release|Any CPU
	EndGlobalSection
	GlobalSection(SolutionProperties) = preSolution
		HideSolutionNode = FALSE
	EndGlobalSection
	GlobalSection(ExtensibilityGlobals) = postSolution
		SolutionGuid = {450E798C-4350-4C19-B3BD-26C645BEDE5E}
	EndGlobalSection
EndGlobal
